
Microsoft Visual Studio Solution File, Format Version 12.00
# Visual Studio Version 17
VisualStudioVersion = 17.1.32328.378
MinimumVisualStudioVersion = 10.0.40219.1
Project("{FAE04EC0-301F-11D3-BF4B-00C04F79EFBC}") = "Day20_MoodAnalyzer", "Day20_MoodAnalyzer\Day20_MoodAnalyzer.csproj", "{E6A8939C-968B-4783-B670-FB39DEDADD56}"
EndProject
Project("{FAE04EC0-301F-11D3-BF4B-00C04F79EFBC}") = "TestProject1", "TestProject1\TestProject1.csproj", "{3818BEDA-4018-450A-A209-B6828CCB015E}"
EndProject
Global
	GlobalSection(SolutionConfigurationPlatforms) = preSolution
		Debug|Any CPU = Debug|Any CPU
		Release|Any CPU = Release|Any CPU
	EndGlobalSection
	GlobalSection(ProjectConfigurationPlatforms) = postSolution
		{E6A8939C-968B-4783-B670-FB39DEDADD56}.Debug|Any CPU.ActiveCfg = Debug|Any CPU
		{E6A8939C-968B-4783-B670-FB39DEDADD56}.Debug|Any CPU.Build.0 = Debug|Any CPU
		{E6A8939C-968B-4783-B670-FB39DEDADD56}.Release|Any CPU.ActiveCfg = Release|Any CPU
		{E6A8939C-968B-4783-B670-FB39DEDADD56}.Release|Any CPU.Build.0 = Release|Any CPU
		{3818BEDA-4018-450A-A209-B6828CCB015E}.Debug|Any CPU.ActiveCfg = Debug|Any CPU
		{3818BEDA-4018-450A-A209-B6828CCB015E}.Debug|Any CPU.Build.0 = Debug|Any CPU
		{3818BEDA-4018-450A-A209-B6828CCB015E}.Release|Any CPU.ActiveCfg = Release|Any CPU
		{3818BEDA-4018-450A-A209-B6828CCB015E}.Release|Any CPU.Build.0 = Release|Any CPU
	EndGlobalSection
	GlobalSection(SolutionProperties) = preSolution
		HideSolutionNode = FALSE
	EndGlobalSection
	GlobalSection(ExtensibilityGlobals) = postSolution
		SolutionGuid = {F2AF4685-A48A-438E-9041-7633D5B5A4D6}
	EndGlobalSection
EndGlobal
